{
  "name": "case-forge",
  "version": "0.1.0",
  "lockfileVersion": 3,
  "requires": true,
  "packages": {
    "": {
      "name": "case-forge",
      "version": "0.1.0",
      "dependencies": {
        "pnpm": "^10.33.4"
      },
      "devDependencies": {
        "typescript": "^6.0.3"
      },
      "engines": {
        "node": ">=20"
      }
    },
    "node_modules/pnpm": {
      "version": "10.34.4",
      "resolved": "https://registry.npmjs.org/pnpm/-/pnpm-10.34.4.tgz",
      "integrity": "sha512-h2i+VSAK4/Iia2Un/Momh+FLxOXxLXchoPJdo99HkVF3BYZI20F3uvNIEg+guidS2NjZP2vq8f5krhjajelhrw==",
      "license": "MIT",
      "bin": {
        "pnpm": "bin/pnpm.cjs",
        "pnpx": "bin/pnpx.cjs"
      },
      "engines": {
        "node": ">=18.12"
      },
      "funding": {
        "url": "https://opencollective.com/pnpm"
      }
    },
    "node_modules/typescript": {
      "version": "6.0.3",
      "resolved": "https://registry.npmjs.org/typescript/-/typescript-6.0.3.tgz",
      "integrity": "sha512-y2TvuxSZPDyQakkFRPZHKFm+KKVqIisdg9/CZwm9ftvKXLP8NRWj38/ODjNbr43SsoXqNuAisEf1GdCxqWcdBw==",
      "dev": true,
      "license": "Apache-2.0",
      "bin": {
        "tsc": "bin/tsc",
        "tsserver": "bin/tsserver"
      },
      "engines": {
        "node": ">=14.17"
      }
    }
  }
}
