{
  "name": "case-forge",
  "version": "0.1.0",
  "lockfileVersion": 3,
  "requires": true,
  "packages": {
    "": {
      "name": "case-forge",
      "version": "0.1.0",
      "dependencies": {
        "pnpm": "^11.1.2"
      },
      "engines": {
        "node": ">=20"
      }
    },
    "node_modules/pnpm": {
      "version": "11.1.2",
      "resolved": "http://32.114.67.93:16888/nexus/repository/npm_total/pnpm/-/pnpm-11.1.2.tgz",
      "integrity": "sha512-QVocwll0cx51RVwUaDcb50xapft2IbUNQFbSIkUWCfEUEvI/1gLmFp8eBgRmZB95hZfhvpYaEGiINqZ7FlaUmQ==",
      "license": "MIT",
      "bin": {
        "pn": "bin/pnpm.mjs",
        "pnpm": "bin/pnpm.mjs",
        "pnpx": "bin/pnpx.mjs",
        "pnx": "bin/pnpx.mjs"
      },
      "engines": {
        "node": ">=22.13"
      },
      "funding": {
        "url": "https://opencollective.com/pnpm"
      }
    }
  }
}
